
Microsoft Visual Studio Solution File, Format Version 12.00
# Visual Studio Version 17
VisualStudioVersion = 17.11.35327.3
MinimumVisualStudioVersion = 10.0.40219.1
Project("{F184B08F-C81C-45F6-A57F-5ABD9991F28F}") = "WarehouseAcceptance.Web", "WarehouseAcceptance.Web\WarehouseAcceptance.Web.vbproj", "{CD8E53D2-B177-494B-AE08-1CEEF98E43D7}"
EndProject
Project("{F184B08F-C81C-45F6-A57F-5ABD9991F28F}") = "WarehouseAcceptance.Core", "WarehouseAcceptance.Core\WarehouseAcceptance.Core.vbproj", "{2682D528-2C03-4509-BE85-3936FF5AB983}"
EndProject
Project("{F184B08F-C81C-45F6-A57F-5ABD9991F28F}") = "WarehouseAcceptance.Data", "WarehouseAcceptance.Data\WarehouseAcceptance.Data.vbproj", "{D91FA824-693A-4A92-9D78-08BE00039312}"
EndProject
Project("{F184B08F-C81C-45F6-A57F-5ABD9991F28F}") = "WarehouseAcceptance.Common", "WarehouseAcceptance.Common\WarehouseAcceptance.Common.vbproj", "{5A7C8146-1718-4B1E-9B43-A008928BB7BF}"
EndProject
Global
	GlobalSection(SolutionConfigurationPlatforms) = preSolution
		Debug|Any CPU = Debug|Any CPU
		Release|Any CPU = Release|Any CPU
	EndGlobalSection
	GlobalSection(ProjectConfigurationPlatforms) = postSolution
		{CD8E53D2-B177-494B-AE08-1CEEF98E43D7}.Debug|Any CPU.ActiveCfg = Debug|Any CPU
		{CD8E53D2-B177-494B-AE08-1CEEF98E43D7}.Debug|Any CPU.Build.0 = Debug|Any CPU
		{CD8E53D2-B177-494B-AE08-1CEEF98E43D7}.Release|Any CPU.ActiveCfg = Release|Any CPU
		{CD8E53D2-B177-494B-AE08-1CEEF98E43D7}.Release|Any CPU.Build.0 = Release|Any CPU
		{2682D528-2C03-4509-BE85-3936FF5AB983}.Debug|Any CPU.ActiveCfg = Debug|Any CPU
		{2682D528-2C03-4509-BE85-3936FF5AB983}.Debug|Any CPU.Build.0 = Debug|Any CPU
		{2682D528-2C03-4509-BE85-3936FF5AB983}.Release|Any CPU.ActiveCfg = Release|Any CPU
		{2682D528-2C03-4509-BE85-3936FF5AB983}.Release|Any CPU.Build.0 = Release|Any CPU
		{D91FA824-693A-4A92-9D78-08BE00039312}.Debug|Any CPU.ActiveCfg = Debug|Any CPU
		{D91FA824-693A-4A92-9D78-08BE00039312}.Debug|Any CPU.Build.0 = Debug|Any CPU
		{D91FA824-693A-4A92-9D78-08BE00039312}.Release|Any CPU.ActiveCfg = Release|Any CPU
		{D91FA824-693A-4A92-9D78-08BE00039312}.Release|Any CPU.Build.0 = Release|Any CPU
		{5A7C8146-1718-4B1E-9B43-A008928BB7BF}.Debug|Any CPU.ActiveCfg = Debug|Any CPU
		{5A7C8146-1718-4B1E-9B43-A008928BB7BF}.Debug|Any CPU.Build.0 = Debug|Any CPU
		{5A7C8146-1718-4B1E-9B43-A008928BB7BF}.Release|Any CPU.ActiveCfg = Release|Any CPU
		{5A7C8146-1718-4B1E-9B43-A008928BB7BF}.Release|Any CPU.Build.0 = Release|Any CPU
	EndGlobalSection
	GlobalSection(SolutionProperties) = preSolution
		HideSolutionNode = FALSE
	EndGlobalSection
	GlobalSection(ExtensibilityGlobals) = postSolution
		SolutionGuid = {3F282C15-A862-4E36-A526-5FD029360769}
	EndGlobalSection
EndGlobal
